// !$*UTF8*$!
{
	archiveVersion = 1;
	classes = {
	};
	objectVersion = 56;
	objects = {

/* Begin PBXBuildFile section */
		57BE834129F4239A00F7B9AF /* AppDelegate.swift in Sources */ = {isa = PBXBuildFile; fileRef = 57BE834029F4239A00F7B9AF /* AppDelegate.swift */; };
		57BE834329F4239A00F7B9AF /* SceneDelegate.swift in Sources */ = {isa = PBXBuildFile; fileRef = 57BE834229F4239A00F7B9AF /* SceneDelegate.swift */; };
		57BE834A29F4239B00F7B9AF /* Assets.xcassets in Resources */ = {isa = PBXBuildFile; fileRef = 57BE834929F4239B00F7B9AF /* Assets.xcassets */; };
		57BE834D29F4239B00F7B9AF /* LaunchScreen.storyboard in Resources */ = {isa = PBXBuildFile; fileRef = 57BE834B29F4239B00F7B9AF /* LaunchScreen.storyboard */; };
		57BE835729F425B900F7B9AF /* MainViewController.swift in Sources */ = {isa = PBXBuildFile; fileRef = 57BE835629F425B900F7B9AF /* MainViewController.swift */; };
		57BE835A29F4287500F7B9AF /* MainPresenter.swift in Sources */ = {isa = PBXBuildFile; fileRef = 57BE835929F4287500F7B9AF /* MainPresenter.swift */; };
		57BE835D29F42A1800F7B9AF /* SceneBuildManager.swift in Sources */ = {isa = PBXBuildFile; fileRef = 57BE835C29F42A1800F7B9AF /* SceneBuildManager.swift */; };
		57BE835F29F42C1C00F7B9AF /* NetworkManager.swift in Sources */ = {isa = PBXBuildFile; fileRef = 57BE835E29F42C1C00F7B9AF /* NetworkManager.swift */; };
		57BE836129F42F3700F7B9AF /* APIManager.swift in Sources */ = {isa = PBXBuildFile; fileRef = 57BE836029F42F3700F7B9AF /* APIManager.swift */; };
		57BE836629F4301F00F7B9AF /* ForecastResponse.swift in Sources */ = {isa = PBXBuildFile; fileRef = 57BE836529F4301F00F7B9AF /* ForecastResponse.swift */; };
		57BE836829F430B700F7B9AF /* DecoderManager.swift in Sources */ = {isa = PBXBuildFile; fileRef = 57BE836729F430B700F7B9AF /* DecoderManager.swift */; };
		57BE836A29F4407000F7B9AF /* ForecastRequest.swift in Sources */ = {isa = PBXBuildFile; fileRef = 57BE836929F4407000F7B9AF /* ForecastRequest.swift */; };
		57BE836D29F4419900F7B9AF /* Encodable.swift in Sources */ = {isa = PBXBuildFile; fileRef = 57BE836C29F4419900F7B9AF /* Encodable.swift */; };
		57BE837029F4426A00F7B9AF /* Endpoint.swift in Sources */ = {isa = PBXBuildFile; fileRef = 57BE836F29F4426A00F7B9AF /* Endpoint.swift */; };
		57BE837229F4428900F7B9AF /* Scheme.swift in Sources */ = {isa = PBXBuildFile; fileRef = 57BE837129F4428900F7B9AF /* Scheme.swift */; };
		57BE837429F4429900F7B9AF /* Method.swift in Sources */ = {isa = PBXBuildFile; fileRef = 57BE837329F4429900F7B9AF /* Method.swift */; };
		57BE837629F442A700F7B9AF /* APIEndpoint.swift in Sources */ = {isa = PBXBuildFile; fileRef = 57BE837529F442A700F7B9AF /* APIEndpoint.swift */; };
		57BE837829F44A8300F7B9AF /* Constants.swift in Sources */ = {isa = PBXBuildFile; fileRef = 57BE837729F44A8300F7B9AF /* Constants.swift */; };
		57BE837A29F45EE100F7B9AF /* LocationManager.swift in Sources */ = {isa = PBXBuildFile; fileRef = 57BE837929F45EE100F7B9AF /* LocationManager.swift */; };
/* End PBXBuildFile section */

/* Begin PBXFileReference section */
		57BE833D29F4239A00F7B9AF /* WeatherApp.app */ = {isa = PBXFileReference; explicitFileType = wrapper.application; includeInIndex = 0; path = WeatherApp.app; sourceTree = BUILT_PRODUCTS_DIR; };
		57BE834029F4239A00F7B9AF /* AppDelegate.swift */ = {isa = PBXFileReference; lastKnownFileType = sourcecode.swift; path = AppDelegate.swift; sourceTree = "<group>"; };
		57BE834229F4239A00F7B9AF /* SceneDelegate.swift */ = {isa = PBXFileReference; lastKnownFileType = sourcecode.swift; path = SceneDelegate.swift; sourceTree = "<group>"; };
		57BE834929F4239B00F7B9AF /* Assets.xcassets */ = {isa = PBXFileReference; lastKnownFileType = folder.assetcatalog; path = Assets.xcassets; sourceTree = "<group>"; };
		57BE834C29F4239B00F7B9AF /* Base */ = {isa = PBXFileReference; lastKnownFileType = file.storyboard; name = Base; path = Base.lproj/LaunchScreen.storyboard; sourceTree = "<group>"; };
		57BE834E29F4239B00F7B9AF /* Info.plist */ = {isa = PBXFileReference; lastKnownFileType = text.plist.xml; path = Info.plist; sourceTree = "<group>"; };
		57BE835629F425B900F7B9AF /* MainViewController.swift */ = {isa = PBXFileReference; lastKnownFileType = sourcecode.swift; path = MainViewController.swift; sourceTree = "<group>"; };
		57BE835929F4287500F7B9AF /* MainPresenter.swift */ = {isa = PBXFileReference; lastKnownFileType = sourcecode.swift; path = MainPresenter.swift; sourceTree = "<group>"; };
		57BE835C29F42A1800F7B9AF /* SceneBuildManager.swift */ = {isa = PBXFileReference; lastKnownFileType = sourcecode.swift; path = SceneBuildManager.swift; sourceTree = "<group>"; };
		57BE835E29F42C1C00F7B9AF /* NetworkManager.swift */ = {isa = PBXFileReference; lastKnownFileType = sourcecode.swift; path = NetworkManager.swift; sourceTree = "<group>"; };
		57BE836029F42F3700F7B9AF /* APIManager.swift */ = {isa = PBXFileReference; lastKnownFileType = sourcecode.swift; path = APIManager.swift; sourceTree = "<group>"; };
		57BE836529F4301F00F7B9AF /* ForecastResponse.swift */ = {isa = PBXFileReference; lastKnownFileType = sourcecode.swift; path = ForecastResponse.swift; sourceTree = "<group>"; };
		57BE836729F430B700F7B9AF /* DecoderManager.swift */ = {isa = PBXFileReference; lastKnownFileType = sourcecode.swift; path = DecoderManager.swift; sourceTree = "<group>"; };
		57BE836929F4407000F7B9AF /* ForecastRequest.swift */ = {isa = PBXFileReference; lastKnownFileType = sourcecode.swift; path = ForecastRequest.swift; sourceTree = "<group>"; };
		57BE836C29F4419900F7B9AF /* Encodable.swift */ = {isa = PBXFileReference; lastKnownFileType = sourcecode.swift; path = Encodable.swift; sourceTree = "<group>"; };
		57BE836F29F4426A00F7B9AF /* Endpoint.swift */ = {isa = PBXFileReference; lastKnownFileType = sourcecode.swift; path = Endpoint.swift; sourceTree = "<group>"; };
		57BE837129F4428900F7B9AF /* Scheme.swift */ = {isa = PBXFileReference; lastKnownFileType = sourcecode.swift; path = Scheme.swift; sourceTree = "<group>"; };
		57BE837329F4429900F7B9AF /* Method.swift */ = {isa = PBXFileReference; lastKnownFileType = sourcecode.swift; path = Method.swift; sourceTree = "<group>"; };
		57BE837529F442A700F7B9AF /* APIEndpoint.swift */ = {isa = PBXFileReference; lastKnownFileType = sourcecode.swift; path = APIEndpoint.swift; sourceTree = "<group>"; };
		57BE837729F44A8300F7B9AF /* Constants.swift */ = {isa = PBXFileReference; lastKnownFileType = sourcecode.swift; path = Constants.swift; sourceTree = "<group>"; };
		57BE837929F45EE100F7B9AF /* LocationManager.swift */ = {isa = PBXFileReference; lastKnownFileType = sourcecode.swift; path = LocationManager.swift; sourceTree = "<group>"; };
/* End PBXFileReference section */

/* Begin PBXFrameworksBuildPhase section */
		57BE833A29F4239A00F7B9AF /* Frameworks */ = {
			isa = PBXFrameworksBuildPhase;
			buildActionMask = 2147483647;
			files = (
			);
			runOnlyForDeploymentPostprocessing = 0;
		};
/* End PBXFrameworksBuildPhase section */

/* Begin PBXGroup section */
		57BE833429F4239A00F7B9AF = {
			isa = PBXGroup;
			children = (
				57BE833F29F4239A00F7B9AF /* WeatherApp */,
				57BE833E29F4239A00F7B9AF /* Products */,
			);
			sourceTree = "<group>";
		};
		57BE833E29F4239A00F7B9AF /* Products */ = {
			isa = PBXGroup;
			children = (
				57BE833D29F4239A00F7B9AF /* WeatherApp.app */,
			);
			name = Products;
			sourceTree = "<group>";
		};
		57BE833F29F4239A00F7B9AF /* WeatherApp */ = {
			isa = PBXGroup;
			children = (
				57BE835429F4254400F7B9AF /* Application */,
				57BE835B29F42A0600F7B9AF /* Core */,
				57BE835529F425AD00F7B9AF /* Scenes */,
			);
			path = WeatherApp;
			sourceTree = "<group>";
		};
		57BE835429F4254400F7B9AF /* Application */ = {
			isa = PBXGroup;
			children = (
				57BE835829F4271100F7B9AF /* Resources */,
				57BE837729F44A8300F7B9AF /* Constants.swift */,
				57BE834029F4239A00F7B9AF /* AppDelegate.swift */,
				57BE834229F4239A00F7B9AF /* SceneDelegate.swift */,
				57BE834E29F4239B00F7B9AF /* Info.plist */,
			);
			path = Application;
			sourceTree = "<group>";
		};
		57BE835529F425AD00F7B9AF /* Scenes */ = {
			isa = PBXGroup;
			children = (
				57BE835629F425B900F7B9AF /* MainViewController.swift */,
				57BE835929F4287500F7B9AF /* MainPresenter.swift */,
			);
			path = Scenes;
			sourceTree = "<group>";
		};
		57BE835829F4271100F7B9AF /* Resources */ = {
			isa = PBXGroup;
			children = (
				57BE834B29F4239B00F7B9AF /* LaunchScreen.storyboard */,
				57BE834929F4239B00F7B9AF /* Assets.xcassets */,
			);
			path = Resources;
			sourceTree = "<group>";
		};
		57BE835B29F42A0600F7B9AF /* Core */ = {
			isa = PBXGroup;
			children = (
				57BE836E29F4425100F7B9AF /* ServiceLayer */,
				57BE836B29F4418E00F7B9AF /* Extensions */,
			);
			path = Core;
			sourceTree = "<group>";
		};
		57BE836229F42FF900F7B9AF /* Network */ = {
			isa = PBXGroup;
			children = (
				57BE836429F4301500F7B9AF /* Request */,
				57BE836329F4300C00F7B9AF /* Response */,
				57BE835E29F42C1C00F7B9AF /* NetworkManager.swift */,
				57BE836029F42F3700F7B9AF /* APIManager.swift */,
				57BE836F29F4426A00F7B9AF /* Endpoint.swift */,
				57BE837129F4428900F7B9AF /* Scheme.swift */,
				57BE837329F4429900F7B9AF /* Method.swift */,
				57BE837529F442A700F7B9AF /* APIEndpoint.swift */,
			);
			path = Network;
			sourceTree = "<group>";
		};
		57BE836329F4300C00F7B9AF /* Response */ = {
			isa = PBXGroup;
			children = (
				57BE836529F4301F00F7B9AF /* ForecastResponse.swift */,
			);
			path = Response;
			sourceTree = "<group>";
		};
		57BE836429F4301500F7B9AF /* Request */ = {
			isa = PBXGroup;
			children = (
				57BE836929F4407000F7B9AF /* ForecastRequest.swift */,
			);
			path = Request;
			sourceTree = "<group>";
		};
		57BE836B29F4418E00F7B9AF /* Extensions */ = {
			isa = PBXGroup;
			children = (
				57BE836C29F4419900F7B9AF /* Encodable.swift */,
			);
			path = Extensions;
			sourceTree = "<group>";
		};
		57BE836E29F4425100F7B9AF /* ServiceLayer */ = {
			isa = PBXGroup;
			children = (
				57BE836229F42FF900F7B9AF /* Network */,
				57BE835C29F42A1800F7B9AF /* SceneBuildManager.swift */,
				57BE836729F430B700F7B9AF /* DecoderManager.swift */,
				57BE837929F45EE100F7B9AF /* LocationManager.swift */,
			);
			path = ServiceLayer;
			sourceTree = "<group>";
		};
/* End PBXGroup section */

/* Begin PBXNativeTarget section */
		57BE833C29F4239A00F7B9AF /* WeatherApp */ = {
			isa = PBXNativeTarget;
			buildConfigurationList = 57BE835129F4239B00F7B9AF /* Build configuration list for PBXNativeTarget "WeatherApp" */;
			buildPhases = (
				57BE833929F4239A00F7B9AF /* Sources */,
				57BE833A29F4239A00F7B9AF /* Frameworks */,
				57BE833B29F4239A00F7B9AF /* Resources */,
			);
			buildRules = (
			);
			dependencies = (
			);
			name = WeatherApp;
			productName = WeatherApp;
			productReference = 57BE833D29F4239A00F7B9AF /* WeatherApp.app */;
			productType = "com.apple.product-type.application";
		};
/* End PBXNativeTarget section */

/* Begin PBXProject section */
		57BE833529F4239A00F7B9AF /* Project object */ = {
			isa = PBXProject;
			attributes = {
				BuildIndependentTargetsInParallel = 1;
				LastSwiftUpdateCheck = 1420;
				LastUpgradeCheck = 1420;
				TargetAttributes = {
					57BE833C29F4239A00F7B9AF = {
						CreatedOnToolsVersion = 14.2;
					};
				};
			};
			buildConfigurationList = 57BE833829F4239A00F7B9AF /* Build configuration list for PBXProject "WeatherApp" */;
			compatibilityVersion = "Xcode 14.0";
			developmentRegion = en;
			hasScannedForEncodings = 0;
			knownRegions = (
				en,
				Base,
			);
			mainGroup = 57BE833429F4239A00F7B9AF;
			productRefGroup = 57BE833E29F4239A00F7B9AF /* Products */;
			projectDirPath = "";
			projectRoot = "";
			targets = (
				57BE833C29F4239A00F7B9AF /* WeatherApp */,
			);
		};
/* End PBXProject section */

/* Begin PBXResourcesBuildPhase section */
		57BE833B29F4239A00F7B9AF /* Resources */ = {
			isa = PBXResourcesBuildPhase;
			buildActionMask = 2147483647;
			files = (
				57BE834D29F4239B00F7B9AF /* LaunchScreen.storyboard in Resources */,
				57BE834A29F4239B00F7B9AF /* Assets.xcassets in Resources */,
			);
			runOnlyForDeploymentPostprocessing = 0;
		};
/* End PBXResourcesBuildPhase section */

/* Begin PBXSourcesBuildPhase section */
		57BE833929F4239A00F7B9AF /* Sources */ = {
			isa = PBXSourcesBuildPhase;
			buildActionMask = 2147483647;
			files = (
				57BE836829F430B700F7B9AF /* DecoderManager.swift in Sources */,
				57BE837A29F45EE100F7B9AF /* LocationManager.swift in Sources */,
				57BE835F29F42C1C00F7B9AF /* NetworkManager.swift in Sources */,
				57BE835729F425B900F7B9AF /* MainViewController.swift in Sources */,
				57BE834129F4239A00F7B9AF /* AppDelegate.swift in Sources */,
				57BE837629F442A700F7B9AF /* APIEndpoint.swift in Sources */,
				57BE837229F4428900F7B9AF /* Scheme.swift in Sources */,
				57BE834329F4239A00F7B9AF /* SceneDelegate.swift in Sources */,
				57BE837829F44A8300F7B9AF /* Constants.swift in Sources */,
				57BE835D29F42A1800F7B9AF /* SceneBuildManager.swift in Sources */,
				57BE836A29F4407000F7B9AF /* ForecastRequest.swift in Sources */,
				57BE835A29F4287500F7B9AF /* MainPresenter.swift in Sources */,
				57BE836129F42F3700F7B9AF /* APIManager.swift in Sources */,
				57BE836629F4301F00F7B9AF /* ForecastResponse.swift in Sources */,
				57BE837029F4426A00F7B9AF /* Endpoint.swift in Sources */,
				57BE837429F4429900F7B9AF /* Method.swift in Sources */,
				57BE836D29F4419900F7B9AF /* Encodable.swift in Sources */,
			);
			runOnlyForDeploymentPostprocessing = 0;
		};
/* End PBXSourcesBuildPhase section */

/* Begin PBXVariantGroup section */
		57BE834B29F4239B00F7B9AF /* LaunchScreen.storyboard */ = {
			isa = PBXVariantGroup;
			children = (
				57BE834C29F4239B00F7B9AF /* Base */,
			);
			name = LaunchScreen.storyboard;
			sourceTree = "<group>";
		};
/* End PBXVariantGroup section */

/* Begin XCBuildConfiguration section */
		57BE834F29F4239B00F7B9AF /* Debug */ = {
			isa = XCBuildConfiguration;
			buildSettings = {
				ALWAYS_SEARCH_USER_PATHS = NO;
				CLANG_ANALYZER_NONNULL = YES;
				CLANG_ANALYZER_NUMBER_OBJECT_CONVERSION = YES_AGGRESSIVE;
				CLANG_CXX_LANGUAGE_STANDARD = "gnu++20";
				CLANG_ENABLE_MODULES = YES;
				CLANG_ENABLE_OBJC_ARC = YES;
				CLANG_ENABLE_OBJC_WEAK = YES;
				CLANG_WARN_BLOCK_CAPTURE_AUTORELEASING = YES;
				CLANG_WARN_BOOL_CONVERSION = YES;
				CLANG_WARN_COMMA = YES;
				CLANG_WARN_CONSTANT_CONVERSION = YES;
				CLANG_WARN_DEPRECATED_OBJC_IMPLEMENTATIONS = YES;
				CLANG_WARN_DIRECT_OBJC_ISA_USAGE = YES_ERROR;
				CLANG_WARN_DOCUMENTATION_COMMENTS = YES;
				CLANG_WARN_EMPTY_BODY = YES;
				CLANG_WARN_ENUM_CONVERSION = YES;
				CLANG_WARN_INFINITE_RECURSION = YES;
				CLANG_WARN_INT_CONVERSION = YES;
				CLANG_WARN_NON_LITERAL_NULL_CONVERSION = YES;
				CLANG_WARN_OBJC_IMPLICIT_RETAIN_SELF = YES;
				CLANG_WARN_OBJC_LITERAL_CONVERSION = YES;
				CLANG_WARN_OBJC_ROOT_CLASS = YES_ERROR;
				CLANG_WARN_QUOTED_INCLUDE_IN_FRAMEWORK_HEADER = YES;
				CLANG_WARN_RANGE_LOOP_ANALYSIS = YES;
				CLANG_WARN_STRICT_PROTOTYPES = YES;
				CLANG_WARN_SUSPICIOUS_MOVE = YES;
				CLANG_WARN_UNGUARDED_AVAILABILITY = YES_AGGRESSIVE;
				CLANG_WARN_UNREACHABLE_CODE = YES;
				CLANG_WARN__DUPLICATE_METHOD_MATCH = YES;
				COPY_PHASE_STRIP = NO;
				DEBUG_INFORMATION_FORMAT = dwarf;
				ENABLE_STRICT_OBJC_MSGSEND = YES;
				ENABLE_TESTABILITY = YES;
				GCC_C_LANGUAGE_STANDARD = gnu11;
				GCC_DYNAMIC_NO_PIC = NO;
				GCC_NO_COMMON_BLOCKS = YES;
				GCC_OPTIMIZATION_LEVEL = 0;
				GCC_PREPROCESSOR_DEFINITIONS = (
					"DEBUG=1",
					"$(inherited)",
				);
				GCC_WARN_64_TO_32_BIT_CONVERSION = YES;
				GCC_WARN_ABOUT_RETURN_TYPE = YES_ERROR;
				GCC_WARN_UNDECLARED_SELECTOR = YES;
				GCC_WARN_UNINITIALIZED_AUTOS = YES_AGGRESSIVE;
				GCC_WARN_UNUSED_FUNCTION = YES;
				GCC_WARN_UNUSED_VARIABLE = YES;
				IPHONEOS_DEPLOYMENT_TARGET = 16.2;
				MTL_ENABLE_DEBUG_INFO = INCLUDE_SOURCE;
				MTL_FAST_MATH = YES;
				ONLY_ACTIVE_ARCH = YES;
				SDKROOT = iphoneos;
				SWIFT_ACTIVE_COMPILATION_CONDITIONS = DEBUG;
				SWIFT_OPTIMIZATION_LEVEL = "-Onone";
			};
			name = Debug;
		};
		57BE835029F4239B00F7B9AF /* Release */ = {
			isa = XCBuildConfiguration;
			buildSettings = {
				ALWAYS_SEARCH_USER_PATHS = NO;
				CLANG_ANALYZER_NONNULL = YES;
				CLANG_ANALYZER_NUMBER_OBJECT_CONVERSION = YES_AGGRESSIVE;
				CLANG_CXX_LANGUAGE_STANDARD = "gnu++20";
				CLANG_ENABLE_MODULES = YES;
				CLANG_ENABLE_OBJC_ARC = YES;
				CLANG_ENABLE_OBJC_WEAK = YES;
				CLANG_WARN_BLOCK_CAPTURE_AUTORELEASING = YES;
				CLANG_WARN_BOOL_CONVERSION = YES;
				CLANG_WARN_COMMA = YES;
				CLANG_WARN_CONSTANT_CONVERSION = YES;
				CLANG_WARN_DEPRECATED_OBJC_IMPLEMENTATIONS = YES;
				CLANG_WARN_DIRECT_OBJC_ISA_USAGE = YES_ERROR;
				CLANG_WARN_DOCUMENTATION_COMMENTS = YES;
				CLANG_WARN_EMPTY_BODY = YES;
				CLANG_WARN_ENUM_CONVERSION = YES;
				CLANG_WARN_INFINITE_RECURSION = YES;
				CLANG_WARN_INT_CONVERSION = YES;
				CLANG_WARN_NON_LITERAL_NULL_CONVERSION = YES;
				CLANG_WARN_OBJC_IMPLICIT_RETAIN_SELF = YES;
				CLANG_WARN_OBJC_LITERAL_CONVERSION = YES;
				CLANG_WARN_OBJC_ROOT_CLASS = YES_ERROR;
				CLANG_WARN_QUOTED_INCLUDE_IN_FRAMEWORK_HEADER = YES;
				CLANG_WARN_RANGE_LOOP_ANALYSIS = YES;
				CLANG_WARN_STRICT_PROTOTYPES = YES;
				CLANG_WARN_SUSPICIOUS_MOVE = YES;
				CLANG_WARN_UNGUARDED_AVAILABILITY = YES_AGGRESSIVE;
				CLANG_WARN_UNREACHABLE_CODE = YES;
				CLANG_WARN__DUPLICATE_METHOD_MATCH = YES;
				COPY_PHASE_STRIP = NO;
				DEBUG_INFORMATION_FORMAT = "dwarf-with-dsym";
				ENABLE_NS_ASSERTIONS = NO;
				ENABLE_STRICT_OBJC_MSGSEND = YES;
				GCC_C_LANGUAGE_STANDARD = gnu11;
				GCC_NO_COMMON_BLOCKS = YES;
				GCC_WARN_64_TO_32_BIT_CONVERSION = YES;
				GCC_WARN_ABOUT_RETURN_TYPE = YES_ERROR;
				GCC_WARN_UNDECLARED_SELECTOR = YES;
				GCC_WARN_UNINITIALIZED_AUTOS = YES_AGGRESSIVE;
				GCC_WARN_UNUSED_FUNCTION = YES;
				GCC_WARN_UNUSED_VARIABLE = YES;
				IPHONEOS_DEPLOYMENT_TARGET = 16.2;
				MTL_ENABLE_DEBUG_INFO = NO;
				MTL_FAST_MATH = YES;
				SDKROOT = iphoneos;
				SWIFT_COMPILATION_MODE = wholemodule;
				SWIFT_OPTIMIZATION_LEVEL = "-O";
				VALIDATE_PRODUCT = YES;
			};
			name = Release;
		};
		57BE835229F4239B00F7B9AF /* Debug */ = {
			isa = XCBuildConfiguration;
			buildSettings = {
				ASSETCATALOG_COMPILER_APPICON_NAME = AppIcon;
				ASSETCATALOG_COMPILER_GLOBAL_ACCENT_COLOR_NAME = AccentColor;
				CODE_SIGN_STYLE = Automatic;
				CURRENT_PROJECT_VERSION = 1;
				DEVELOPMENT_TEAM = MMPL5FQN8L;
				GENERATE_INFOPLIST_FILE = YES;
				INFOPLIST_FILE = WeatherApp/Application/Info.plist;
				INFOPLIST_KEY_UIApplicationSupportsIndirectInputEvents = YES;
				INFOPLIST_KEY_UILaunchStoryboardName = LaunchScreen;
				INFOPLIST_KEY_UIMainStoryboardFile = "";
				INFOPLIST_KEY_UISupportedInterfaceOrientations_iPad = UIInterfaceOrientationPortrait;
				INFOPLIST_KEY_UISupportedInterfaceOrientations_iPhone = UIInterfaceOrientationPortrait;
				IPHONEOS_DEPLOYMENT_TARGET = 16.0;
				LD_RUNPATH_SEARCH_PATHS = (
					"$(inherited)",
					"@executable_path/Frameworks",
				);
				MARKETING_VERSION = 1.0;
				PRODUCT_BUNDLE_IDENTIFIER = idikan.WeatherApp;
				PRODUCT_NAME = "$(TARGET_NAME)";
				SWIFT_EMIT_LOC_STRINGS = YES;
				SWIFT_VERSION = 5.0;
				TARGETED_DEVICE_FAMILY = "1,2";
			};
			name = Debug;
		};
		57BE835329F4239B00F7B9AF /* Release */ = {
			isa = XCBuildConfiguration;
			buildSettings = {
				ASSETCATALOG_COMPILER_APPICON_NAME = AppIcon;
				ASSETCATALOG_COMPILER_GLOBAL_ACCENT_COLOR_NAME = AccentColor;
				CODE_SIGN_STYLE = Automatic;
				CURRENT_PROJECT_VERSION = 1;
				DEVELOPMENT_TEAM = MMPL5FQN8L;
				GENERATE_INFOPLIST_FILE = YES;
				INFOPLIST_FILE = WeatherApp/Application/Info.plist;
				INFOPLIST_KEY_UIApplicationSupportsIndirectInputEvents = YES;
				INFOPLIST_KEY_UILaunchStoryboardName = LaunchScreen;
				INFOPLIST_KEY_UIMainStoryboardFile = "";
				INFOPLIST_KEY_UISupportedInterfaceOrientations_iPad = UIInterfaceOrientationPortrait;
				INFOPLIST_KEY_UISupportedInterfaceOrientations_iPhone = UIInterfaceOrientationPortrait;
				IPHONEOS_DEPLOYMENT_TARGET = 16.0;
				LD_RUNPATH_SEARCH_PATHS = (
					"$(inherited)",
					"@executable_path/Frameworks",
				);
				MARKETING_VERSION = 1.0;
				PRODUCT_BUNDLE_IDENTIFIER = idikan.WeatherApp;
				PRODUCT_NAME = "$(TARGET_NAME)";
				SWIFT_EMIT_LOC_STRINGS = YES;
				SWIFT_VERSION = 5.0;
				TARGETED_DEVICE_FAMILY = "1,2";
			};
			name = Release;
		};
/* End XCBuildConfiguration section */

/* Begin XCConfigurationList section */
		57BE833829F4239A00F7B9AF /* Build configuration list for PBXProject "WeatherApp" */ = {
			isa = XCConfigurationList;
			buildConfigurations = (
				57BE834F29F4239B00F7B9AF /* Debug */,
				57BE835029F4239B00F7B9AF /* Release */,
			);
			defaultConfigurationIsVisible = 0;
			defaultConfigurationName = Release;
		};
		57BE835129F4239B00F7B9AF /* Build configuration list for PBXNativeTarget "WeatherApp" */ = {
			isa = XCConfigurationList;
			buildConfigurations = (
				57BE835229F4239B00F7B9AF /* Debug */,
				57BE835329F4239B00F7B9AF /* Release */,
			);
			defaultConfigurationIsVisible = 0;
			defaultConfigurationName = Release;
		};
/* End XCConfigurationList section */
	};
	rootObject = 57BE833529F4239A00F7B9AF /* Project object */;
}
